
Microsoft Visual Studio Solution File, Format Version 12.00
# Visual Studio 15
Project("{FAE04EC0-301F-11D3-BF4B-00C04F79EFBC}") = "LobbyProject", "LobbyProject.csproj", "{AFCFC54A-6335-1D40-0470-06C21709E124}"
EndProject
Global
	GlobalSection(SolutionConfigurationPlatforms) = preSolution
		Debug|Any CPU = Debug|Any CPU
		Release|Any CPU = Release|Any CPU
	EndGlobalSection
	GlobalSection(ProjectConfigurationPlatforms) = postSolution
		{AFCFC54A-6335-1D40-0470-06C21709E124}.Debug|Any CPU.ActiveCfg = Debug|Any CPU
		{AFCFC54A-6335-1D40-0470-06C21709E124}.Debug|Any CPU.Build.0 = Debug|Any CPU
		{AFCFC54A-6335-1D40-0470-06C21709E124}.Release|Any CPU.ActiveCfg = Release|Any CPU
		{AFCFC54A-6335-1D40-0470-06C21709E124}.Release|Any CPU.Build.0 = Release|Any CPU
	EndGlobalSection
	GlobalSection(SolutionProperties) = preSolution
		HideSolutionNode = FALSE
	EndGlobalSection
EndGlobal
